
Microsoft Visual Studio Solution File, Format Version 12.00
# Visual Studio Version 16
VisualStudioVersion = 16.0.30413.136
MinimumVisualStudioVersion = 10.0.40219.1
Project("{9A19103F-16F7-4668-BE54-9A1E7A4F7556}") = "WallpaperChanger", "WallpaperChanger\WallpaperChanger.csproj", "{773D2212-D729-416D-B274-E68FD521B9EE}"
EndProject
Global
	GlobalSection(SolutionConfigurationPlatforms) = preSolution
		Debug|Any CPU = Debug|Any CPU
		Release|Any CPU = Release|Any CPU
	EndGlobalSection
	GlobalSection(ProjectConfigurationPlatforms) = postSolution
		{773D2212-D729-416D-B274-E68FD521B9EE}.Debug|Any CPU.ActiveCfg = Debug|Any CPU
		{773D2212-D729-416D-B274-E68FD521B9EE}.Debug|Any CPU.Build.0 = Debug|Any CPU
		{773D2212-D729-416D-B274-E68FD521B9EE}.Release|Any CPU.ActiveCfg = Release|Any CPU
		{773D2212-D729-416D-B274-E68FD521B9EE}.Release|Any CPU.Build.0 = Release|Any CPU
	EndGlobalSection
	GlobalSection(SolutionProperties) = preSolution
		HideSolutionNode = FALSE
	EndGlobalSection
	GlobalSection(ExtensibilityGlobals) = postSolution
		SolutionGuid = {EAFA2A77-5F54-4D6F-987C-E3996889954C}
	EndGlobalSection
EndGlobal
